
Microsoft Visual Studio Solution File, Format Version 12.00
# Visual Studio Version 16
VisualStudioVersion = 16.0.29209.62
MinimumVisualStudioVersion = 10.0.40219.1
Project("{FAE04EC0-301F-11D3-BF4B-00C04F79EFBC}") = "GithubMonoGameTest", "GithubMonoGameTest\GithubMonoGameTest.csproj", "{DB67994E-2FD9-4D6B-B8DF-7A4AB13D0E73}"
EndProject
Global
	GlobalSection(SolutionConfigurationPlatforms) = preSolution
		Debug|x86 = Debug|x86
		Release|x86 = Release|x86
	EndGlobalSection
	GlobalSection(ProjectConfigurationPlatforms) = postSolution
		{DB67994E-2FD9-4D6B-B8DF-7A4AB13D0E73}.Debug|x86.ActiveCfg = Debug|x86
		{DB67994E-2FD9-4D6B-B8DF-7A4AB13D0E73}.Debug|x86.Build.0 = Debug|x86
		{DB67994E-2FD9-4D6B-B8DF-7A4AB13D0E73}.Release|x86.ActiveCfg = Release|x86
		{DB67994E-2FD9-4D6B-B8DF-7A4AB13D0E73}.Release|x86.Build.0 = Release|x86
	EndGlobalSection
	GlobalSection(SolutionProperties) = preSolution
		HideSolutionNode = FALSE
	EndGlobalSection
	GlobalSection(ExtensibilityGlobals) = postSolution
		SolutionGuid = {B0E622F5-5436-49ED-9C36-D94DA305CAEA}
	EndGlobalSection
EndGlobal
